
Microsoft Visual Studio Solution File, Format Version 12.00
# Visual Studio Version 16
VisualStudioVersion = 16.0.30413.136
MinimumVisualStudioVersion = 10.0.40219.1
Project("{9A19103F-16F7-4668-BE54-9A1E7A4F7556}") = "CalenderSchedule.API", "CalenderSchedule.API\CalenderSchedule.API.csproj", "{81CA5276-58E9-42E0-A4A8-27DF0CDBCB39}"
EndProject
Project("{9A19103F-16F7-4668-BE54-9A1E7A4F7556}") = "CalenderSchedule.BlazorWASM", "CalenderSchedule.BlazorWASM\CalenderSchedule.BlazorWASM.csproj", "{6EAF61C0-1572-4A2D-B61C-FF309A341878}"
EndProject
Project("{9A19103F-16F7-4668-BE54-9A1E7A4F7556}") = "CalenderSchedule.Shared", "CalenderSchedule.Shared\CalenderSchedule.Shared.csproj", "{178B23ED-0E71-4B6B-A5E2-D88FC386903B}"
EndProject
Project("{9A19103F-16F7-4668-BE54-9A1E7A4F7556}") = "CalenderScheduleMobile", "CalenderScheduleMobile\CalenderScheduleMobile\CalenderScheduleMobile.csproj", "{8B7A531F-C7D4-4B7B-AE0A-73CAA65D53C7}"
EndProject
Project("{FAE04EC0-301F-11D3-BF4B-00C04F79EFBC}") = "CalenderScheduleMobile.Android", "CalenderScheduleMobile\CalenderScheduleMobile.Android\CalenderScheduleMobile.Android.csproj", "{D0E6D9A7-68FB-4F9F-BD6A-40C56A61C18D}"
EndProject
Project("{FAE04EC0-301F-11D3-BF4B-00C04F79EFBC}") = "CalenderScheduleMobile.iOS", "CalenderScheduleMobile\CalenderScheduleMobile.iOS\CalenderScheduleMobile.iOS.csproj", "{1BA04989-1D97-40C4-9125-86B0BD9F5741}"
EndProject
Project("{FAE04EC0-301F-11D3-BF4B-00C04F79EFBC}") = "CalenderScheduleMobile.UWP", "CalenderScheduleMobile\CalenderScheduleMobile.UWP\CalenderScheduleMobile.UWP.csproj", "{7D31D7B4-104F-4808-A4F3-3A53A1A023B6}"
EndProject
Project("{FAE04EC0-301F-11D3-BF4B-00C04F79EFBC}") = "ReactFrontEnd", "ReactFrontEnd\ReactFrontEnd.csproj", "{AFBE756E-1714-48F7-800A-C0BC788F0475}"
EndProject
Global
	GlobalSection(SolutionConfigurationPlatforms) = preSolution
		Ad-Hoc|Any CPU = Ad-Hoc|Any CPU
		Ad-Hoc|ARM = Ad-Hoc|ARM
		Ad-Hoc|iPhone = Ad-Hoc|iPhone
		Ad-Hoc|iPhoneSimulator = Ad-Hoc|iPhoneSimulator
		Ad-Hoc|x64 = Ad-Hoc|x64
		Ad-Hoc|x86 = Ad-Hoc|x86
		AppStore|Any CPU = AppStore|Any CPU
		AppStore|ARM = AppStore|ARM
		AppStore|iPhone = AppStore|iPhone
		AppStore|iPhoneSimulator = AppStore|iPhoneSimulator
		AppStore|x64 = AppStore|x64
		AppStore|x86 = AppStore|x86
		Debug|Any CPU = Debug|Any CPU
		Debug|ARM = Debug|ARM
		Debug|iPhone = Debug|iPhone
		Debug|iPhoneSimulator = Debug|iPhoneSimulator
		Debug|x64 = Debug|x64
		Debug|x86 = Debug|x86
		Release|Any CPU = Release|Any CPU
		Release|ARM = Release|ARM
		Release|iPhone = Release|iPhone
		Release|iPhoneSimulator = Release|iPhoneSimulator
		Release|x64 = Release|x64
		Release|x86 = Release|x86
	EndGlobalSection
	GlobalSection(ProjectConfigurationPlatforms) = postSolution
		{81CA5276-58E9-42E0-A4A8-27DF0CDBCB39}.Ad-Hoc|Any CPU.ActiveCfg = Release|Any CPU
		{81CA5276-58E9-42E0-A4A8-27DF0CDBCB39}.Ad-Hoc|Any CPU.Build.0 = Release|Any CPU
		{81CA5276-58E9-42E0-A4A8-27DF0CDBCB39}.Ad-Hoc|ARM.ActiveCfg = Release|Any CPU
		{81CA5276-58E9-42E0-A4A8-27DF0CDBCB39}.Ad-Hoc|ARM.Build.0 = Release|Any CPU
		{81CA5276-58E9-42E0-A4A8-27DF0CDBCB39}.Ad-Hoc|iPhone.ActiveCfg = Release|Any CPU
		{81CA5276-58E9-42E0-A4A8-27DF0CDBCB39}.Ad-Hoc|iPhone.Build.0 = Release|Any CPU
		{81CA5276-58E9-42E0-A4A8-27DF0CDBCB39}.Ad-Hoc|iPhoneSimulator.ActiveCfg = Release|Any CPU
		{81CA5276-58E9-42E0-A4A8-27DF0CDBCB39}.Ad-Hoc|iPhoneSimulator.Build.0 = Release|Any CPU
		{81CA5276-58E9-42E0-A4A8-27DF0CDBCB39}.Ad-Hoc|x64.ActiveCfg = Release|Any CPU
		{81CA5276-58E9-42E0-A4A8-27DF0CDBCB39}.Ad-Hoc|x64.Build.0 = Release|Any CPU
		{81CA5276-58E9-42E0-A4A8-27DF0CDBCB39}.Ad-Hoc|x86.ActiveCfg = Release|Any CPU
		{81CA5276-58E9-42E0-A4A8-27DF0CDBCB39}.Ad-Hoc|x86.Build.0 = Release|Any CPU
		{81CA5276-58E9-42E0-A4A8-27DF0CDBCB39}.AppStore|Any CPU.ActiveCfg = Release|Any CPU
		{81CA5276-58E9-42E0-A4A8-27DF0CDBCB39}.AppStore|Any CPU.Build.0 = Release|Any CPU
		{81CA5276-58E9-42E0-A4A8-27DF0CDBCB39}.AppStore|ARM.ActiveCfg = Release|Any CPU
		{81CA5276-58E9-42E0-A4A8-27DF0CDBCB39}.AppStore|ARM.Build.0 = Release|Any CPU
		{81CA5276-58E9-42E0-A4A8-27DF0CDBCB39}.AppStore|iPhone.ActiveCfg = Release|Any CPU
		{81CA5276-58E9-42E0-A4A8-27DF0CDBCB39}.AppStore|iPhone.Build.0 = Release|Any CPU
		{81CA5276-58E9-42E0-A4A8-27DF0CDBCB39}.AppStore|iPhoneSimulator.ActiveCfg = Release|Any CPU
		{81CA5276-58E9-42E0-A4A8-27DF0CDBCB39}.AppStore|iPhoneSimulator.Build.0 = Release|Any CPU
		{81CA5276-58E9-42E0-A4A8-27DF0CDBCB39}.AppStore|x64.ActiveCfg = Release|Any CPU
		{81CA5276-58E9-42E0-A4A8-27DF0CDBCB39}.AppStore|x64.Build.0 = Release|Any CPU
		{81CA5276-58E9-42E0-A4A8-27DF0CDBCB39}.AppStore|x86.ActiveCfg = Release|Any CPU
		{81CA5276-58E9-42E0-A4A8-27DF0CDBCB39}.AppStore|x86.Build.0 = Release|Any CPU
		{81CA5276-58E9-42E0-A4A8-27DF0CDBCB39}.Debug|Any CPU.ActiveCfg = Debug|Any CPU
		{81CA5276-58E9-42E0-A4A8-27DF0CDBCB39}.Debug|Any CPU.Build.0 = Debug|Any CPU
		{81CA5276-58E9-42E0-A4A8-27DF0CDBCB39}.Debug|ARM.ActiveCfg = Debug|Any CPU
		{81CA5276-58E9-42E0-A4A8-27DF0CDBCB39}.Debug|ARM.Build.0 = Debug|Any CPU
		{81CA5276-58E9-42E0-A4A8-27DF0CDBCB39}.Debug|iPhone.ActiveCfg = Debug|Any CPU
		{81CA5276-58E9-42E0-A4A8-27DF0CDBCB39}.Debug|iPhone.Build.0 = Debug|Any CPU
		{81CA5276-58E9-42E0-A4A8-27DF0CDBCB39}.Debug|iPhoneSimulator.ActiveCfg = Debug|Any CPU
		{81CA5276-58E9-42E0-A4A8-27DF0CDBCB39}.Debug|iPhoneSimulator.Build.0 = Debug|Any CPU
		{81CA5276-58E9-42E0-A4A8-27DF0CDBCB39}.Debug|x64.ActiveCfg = Debug|Any CPU
		{81CA5276-58E9-42E0-A4A8-27DF0CDBCB39}.Debug|x64.Build.0 = Debug|Any CPU
		{81CA5276-58E9-42E0-A4A8-27DF0CDBCB39}.Debug|x86.ActiveCfg = Debug|Any CPU
		{81CA5276-58E9-42E0-A4A8-27DF0CDBCB39}.Debug|x86.Build.0 = Debug|Any CPU
		{81CA5276-58E9-42E0-A4A8-27DF0CDBCB39}.Release|Any CPU.ActiveCfg = Release|Any CPU
		{81CA5276-58E9-42E0-A4A8-27DF0CDBCB39}.Release|Any CPU.Build.0 = Release|Any CPU
		{81CA5276-58E9-42E0-A4A8-27DF0CDBCB39}.Release|ARM.ActiveCfg = Release|Any CPU
		{81CA5276-58E9-42E0-A4A8-27DF0CDBCB39}.Release|ARM.Build.0 = Release|Any CPU
		{81CA5276-58E9-42E0-A4A8-27DF0CDBCB39}.Release|iPhone.ActiveCfg = Release|Any CPU
		{81CA5276-58E9-42E0-A4A8-27DF0CDBCB39}.Release|iPhone.Build.0 = Release|Any CPU
		{81CA5276-58E9-42E0-A4A8-27DF0CDBCB39}.Release|iPhoneSimulator.ActiveCfg = Release|Any CPU
		{81CA5276-58E9-42E0-A4A8-27DF0CDBCB39}.Release|iPhoneSimulator.Build.0 = Release|Any CPU
		{81CA5276-58E9-42E0-A4A8-27DF0CDBCB39}.Release|x64.ActiveCfg = Release|Any CPU
		{81CA5276-58E9-42E0-A4A8-27DF0CDBCB39}.Release|x64.Build.0 = Release|Any CPU
		{81CA5276-58E9-42E0-A4A8-27DF0CDBCB39}.Release|x86.ActiveCfg = Release|Any CPU
		{81CA5276-58E9-42E0-A4A8-27DF0CDBCB39}.Release|x86.Build.0 = Release|Any CPU
		{6EAF61C0-1572-4A2D-B61C-FF309A341878}.Ad-Hoc|Any CPU.ActiveCfg = Release|Any CPU
		{6EAF61C0-1572-4A2D-B61C-FF309A341878}.Ad-Hoc|Any CPU.Build.0 = Release|Any CPU
		{6EAF61C0-1572-4A2D-B61C-FF309A341878}.Ad-Hoc|ARM.ActiveCfg = Release|Any CPU
		{6EAF61C0-1572-4A2D-B61C-FF309A341878}.Ad-Hoc|ARM.Build.0 = Release|Any CPU
		{6EAF61C0-1572-4A2D-B61C-FF309A341878}.Ad-Hoc|iPhone.ActiveCfg = Release|Any CPU
		{6EAF61C0-1572-4A2D-B61C-FF309A341878}.Ad-Hoc|iPhone.Build.0 = Release|Any CPU
		{6EAF61C0-1572-4A2D-B61C-FF309A341878}.Ad-Hoc|iPhoneSimulator.ActiveCfg = Release|Any CPU
		{6EAF61C0-1572-4A2D-B61C-FF309A341878}.Ad-Hoc|iPhoneSimulator.Build.0 = Release|Any CPU
		{6EAF61C0-1572-4A2D-B61C-FF309A341878}.Ad-Hoc|x64.ActiveCfg = Release|Any CPU
		{6EAF61C0-1572-4A2D-B61C-FF309A341878}.Ad-Hoc|x64.Build.0 = Release|Any CPU
		{6EAF61C0-1572-4A2D-B61C-FF309A341878}.Ad-Hoc|x86.ActiveCfg = Release|Any CPU
		{6EAF61C0-1572-4A2D-B61C-FF309A341878}.Ad-Hoc|x86.Build.0 = Release|Any CPU
		{6EAF61C0-1572-4A2D-B61C-FF309A341878}.AppStore|Any CPU.ActiveCfg = Release|Any CPU
		{6EAF61C0-1572-4A2D-B61C-FF309A341878}.AppStore|Any CPU.Build.0 = Release|Any CPU
		{6EAF61C0-1572-4A2D-B61C-FF309A341878}.AppStore|ARM.ActiveCfg = Release|Any CPU
		{6EAF61C0-1572-4A2D-B61C-FF309A341878}.AppStore|ARM.Build.0 = Release|Any CPU
		{6EAF61C0-1572-4A2D-B61C-FF309A341878}.AppStore|iPhone.ActiveCfg = Release|Any CPU
		{6EAF61C0-1572-4A2D-B61C-FF309A341878}.AppStore|iPhone.Build.0 = Release|Any CPU
		{6EAF61C0-1572-4A2D-B61C-FF309A341878}.AppStore|iPhoneSimulator.ActiveCfg = Release|Any CPU
		{6EAF61C0-1572-4A2D-B61C-FF309A341878}.AppStore|iPhoneSimulator.Build.0 = Release|Any CPU
		{6EAF61C0-1572-4A2D-B61C-FF309A341878}.AppStore|x64.ActiveCfg = Release|Any CPU
		{6EAF61C0-1572-4A2D-B61C-FF309A341878}.AppStore|x64.Build.0 = Release|Any CPU
		{6EAF61C0-1572-4A2D-B61C-FF309A341878}.AppStore|x86.ActiveCfg = Release|Any CPU
		{6EAF61C0-1572-4A2D-B61C-FF309A341878}.AppStore|x86.Build.0 = Release|Any CPU
		{6EAF61C0-1572-4A2D-B61C-FF309A341878}.Debug|Any CPU.ActiveCfg = Debug|Any CPU
		{6EAF61C0-1572-4A2D-B61C-FF309A341878}.Debug|Any CPU.Build.0 = Debug|Any CPU
		{6EAF61C0-1572-4A2D-B61C-FF309A341878}.Debug|ARM.ActiveCfg = Debug|Any CPU
		{6EAF61C0-1572-4A2D-B61C-FF309A341878}.Debug|ARM.Build.0 = Debug|Any CPU
		{6EAF61C0-1572-4A2D-B61C-FF309A341878}.Debug|iPhone.ActiveCfg = Debug|Any CPU
		{6EAF61C0-1572-4A2D-B61C-FF309A341878}.Debug|iPhone.Build.0 = Debug|Any CPU
		{6EAF61C0-1572-4A2D-B61C-FF309A341878}.Debug|iPhoneSimulator.ActiveCfg = Debug|Any CPU
		{6EAF61C0-1572-4A2D-B61C-FF309A341878}.Debug|iPhoneSimulator.Build.0 = Debug|Any CPU
		{6EAF61C0-1572-4A2D-B61C-FF309A341878}.Debug|x64.ActiveCfg = Debug|Any CPU
		{6EAF61C0-1572-4A2D-B61C-FF309A341878}.Debug|x64.Build.0 = Debug|Any CPU
		{6EAF61C0-1572-4A2D-B61C-FF309A341878}.Debug|x86.ActiveCfg = Debug|Any CPU
		{6EAF61C0-1572-4A2D-B61C-FF309A341878}.Debug|x86.Build.0 = Debug|Any CPU
		{6EAF61C0-1572-4A2D-B61C-FF309A341878}.Release|Any CPU.ActiveCfg = Release|Any CPU
		{6EAF61C0-1572-4A2D-B61C-FF309A341878}.Release|Any CPU.Build.0 = Release|Any CPU
		{6EAF61C0-1572-4A2D-B61C-FF309A341878}.Release|ARM.ActiveCfg = Release|Any CPU
		{6EAF61C0-1572-4A2D-B61C-FF309A341878}.Release|ARM.Build.0 = Release|Any CPU
		{6EAF61C0-1572-4A2D-B61C-FF309A341878}.Release|iPhone.ActiveCfg = Release|Any CPU
		{6EAF61C0-1572-4A2D-B61C-FF309A341878}.Release|iPhone.Build.0 = Release|Any CPU
		{6EAF61C0-1572-4A2D-B61C-FF309A341878}.Release|iPhoneSimulator.ActiveCfg = Release|Any CPU
		{6EAF61C0-1572-4A2D-B61C-FF309A341878}.Release|iPhoneSimulator.Build.0 = Release|Any CPU
		{6EAF61C0-1572-4A2D-B61C-FF309A341878}.Release|x64.ActiveCfg = Release|Any CPU
		{6EAF61C0-1572-4A2D-B61C-FF309A341878}.Release|x64.Build.0 = Release|Any CPU
		{6EAF61C0-1572-4A2D-B61C-FF309A341878}.Release|x86.ActiveCfg = Release|Any CPU
		{6EAF61C0-1572-4A2D-B61C-FF309A341878}.Release|x86.Build.0 = Release|Any CPU
		{178B23ED-0E71-4B6B-A5E2-D88FC386903B}.Ad-Hoc|Any CPU.ActiveCfg = Release|Any CPU
		{178B23ED-0E71-4B6B-A5E2-D88FC386903B}.Ad-Hoc|Any CPU.Build.0 = Release|Any CPU
		{178B23ED-0E71-4B6B-A5E2-D88FC386903B}.Ad-Hoc|ARM.ActiveCfg = Release|Any CPU
		{178B23ED-0E71-4B6B-A5E2-D88FC386903B}.Ad-Hoc|ARM.Build.0 = Release|Any CPU
		{178B23ED-0E71-4B6B-A5E2-D88FC386903B}.Ad-Hoc|iPhone.ActiveCfg = Release|Any CPU
		{178B23ED-0E71-4B6B-A5E2-D88FC386903B}.Ad-Hoc|iPhone.Build.0 = Release|Any CPU
		{178B23ED-0E71-4B6B-A5E2-D88FC386903B}.Ad-Hoc|iPhoneSimulator.ActiveCfg = Release|Any CPU
		{178B23ED-0E71-4B6B-A5E2-D88FC386903B}.Ad-Hoc|iPhoneSimulator.Build.0 = Release|Any CPU
		{178B23ED-0E71-4B6B-A5E2-D88FC386903B}.Ad-Hoc|x64.ActiveCfg = Release|Any CPU
		{178B23ED-0E71-4B6B-A5E2-D88FC386903B}.Ad-Hoc|x64.Build.0 = Release|Any CPU
		{178B23ED-0E71-4B6B-A5E2-D88FC386903B}.Ad-Hoc|x86.ActiveCfg = Release|Any CPU
		{178B23ED-0E71-4B6B-A5E2-D88FC386903B}.Ad-Hoc|x86.Build.0 = Release|Any CPU
		{178B23ED-0E71-4B6B-A5E2-D88FC386903B}.AppStore|Any CPU.ActiveCfg = Release|Any CPU
		{178B23ED-0E71-4B6B-A5E2-D88FC386903B}.AppStore|Any CPU.Build.0 = Release|Any CPU
		{178B23ED-0E71-4B6B-A5E2-D88FC386903B}.AppStore|ARM.ActiveCfg = Release|Any CPU
		{178B23ED-0E71-4B6B-A5E2-D88FC386903B}.AppStore|ARM.Build.0 = Release|Any CPU
		{178B23ED-0E71-4B6B-A5E2-D88FC386903B}.AppStore|iPhone.ActiveCfg = Release|Any CPU
		{178B23ED-0E71-4B6B-A5E2-D88FC386903B}.AppStore|iPhone.Build.0 = Release|Any CPU
		{178B23ED-0E71-4B6B-A5E2-D88FC386903B}.AppStore|iPhoneSimulator.ActiveCfg = Release|Any CPU
		{178B23ED-0E71-4B6B-A5E2-D88FC386903B}.AppStore|iPhoneSimulator.Build.0 = Release|Any CPU
		{178B23ED-0E71-4B6B-A5E2-D88FC386903B}.AppStore|x64.ActiveCfg = Release|Any CPU
		{178B23ED-0E71-4B6B-A5E2-D88FC386903B}.AppStore|x64.Build.0 = Release|Any CPU
		{178B23ED-0E71-4B6B-A5E2-D88FC386903B}.AppStore|x86.ActiveCfg = Release|Any CPU
		{178B23ED-0E71-4B6B-A5E2-D88FC386903B}.AppStore|x86.Build.0 = Release|Any CPU
		{178B23ED-0E71-4B6B-A5E2-D88FC386903B}.Debug|Any CPU.ActiveCfg = Debug|Any CPU
		{178B23ED-0E71-4B6B-A5E2-D88FC386903B}.Debug|Any CPU.Build.0 = Debug|Any CPU
		{178B23ED-0E71-4B6B-A5E2-D88FC386903B}.Debug|ARM.ActiveCfg = Debug|Any CPU
		{178B23ED-0E71-4B6B-A5E2-D88FC386903B}.Debug|ARM.Build.0 = Debug|Any CPU
		{178B23ED-0E71-4B6B-A5E2-D88FC386903B}.Debug|iPhone.ActiveCfg = Debug|Any CPU
		{178B23ED-0E71-4B6B-A5E2-D88FC386903B}.Debug|iPhone.Build.0 = Debug|Any CPU
		{178B23ED-0E71-4B6B-A5E2-D88FC386903B}.Debug|iPhoneSimulator.ActiveCfg = Debug|Any CPU
		{178B23ED-0E71-4B6B-A5E2-D88FC386903B}.Debug|iPhoneSimulator.Build.0 = Debug|Any CPU
		{178B23ED-0E71-4B6B-A5E2-D88FC386903B}.Debug|x64.ActiveCfg = Debug|Any CPU
		{178B23ED-0E71-4B6B-A5E2-D88FC386903B}.Debug|x64.Build.0 = Debug|Any CPU
		{178B23ED-0E71-4B6B-A5E2-D88FC386903B}.Debug|x86.ActiveCfg = Debug|Any CPU
		{178B23ED-0E71-4B6B-A5E2-D88FC386903B}.Debug|x86.Build.0 = Debug|Any CPU
		{178B23ED-0E71-4B6B-A5E2-D88FC386903B}.Release|Any CPU.ActiveCfg = Release|Any CPU
		{178B23ED-0E71-4B6B-A5E2-D88FC386903B}.Release|Any CPU.Build.0 = Release|Any CPU
		{178B23ED-0E71-4B6B-A5E2-D88FC386903B}.Release|ARM.ActiveCfg = Release|Any CPU
		{178B23ED-0E71-4B6B-A5E2-D88FC386903B}.Release|ARM.Build.0 = Release|Any CPU
		{178B23ED-0E71-4B6B-A5E2-D88FC386903B}.Release|iPhone.ActiveCfg = Release|Any CPU
		{178B23ED-0E71-4B6B-A5E2-D88FC386903B}.Release|iPhone.Build.0 = Release|Any CPU
		{178B23ED-0E71-4B6B-A5E2-D88FC386903B}.Release|iPhoneSimulator.ActiveCfg = Release|Any CPU
		{178B23ED-0E71-4B6B-A5E2-D88FC386903B}.Release|iPhoneSimulator.Build.0 = Release|Any CPU
		{178B23ED-0E71-4B6B-A5E2-D88FC386903B}.Release|x64.ActiveCfg = Release|Any CPU
		{178B23ED-0E71-4B6B-A5E2-D88FC386903B}.Release|x64.Build.0 = Release|Any CPU
		{178B23ED-0E71-4B6B-A5E2-D88FC386903B}.Release|x86.ActiveCfg = Release|Any CPU
		{178B23ED-0E71-4B6B-A5E2-D88FC386903B}.Release|x86.Build.0 = Release|Any CPU
		{8B7A531F-C7D4-4B7B-AE0A-73CAA65D53C7}.Ad-Hoc|Any CPU.ActiveCfg = Release|Any CPU
		{8B7A531F-C7D4-4B7B-AE0A-73CAA65D53C7}.Ad-Hoc|Any CPU.Build.0 = Release|Any CPU
		{8B7A531F-C7D4-4B7B-AE0A-73CAA65D53C7}.Ad-Hoc|ARM.ActiveCfg = Release|Any CPU
		{8B7A531F-C7D4-4B7B-AE0A-73CAA65D53C7}.Ad-Hoc|ARM.Build.0 = Release|Any CPU
		{8B7A531F-C7D4-4B7B-AE0A-73CAA65D53C7}.Ad-Hoc|iPhone.ActiveCfg = Release|Any CPU
		{8B7A531F-C7D4-4B7B-AE0A-73CAA65D53C7}.Ad-Hoc|iPhone.Build.0 = Release|Any CPU
		{8B7A531F-C7D4-4B7B-AE0A-73CAA65D53C7}.Ad-Hoc|iPhoneSimulator.ActiveCfg = Release|Any CPU
		{8B7A531F-C7D4-4B7B-AE0A-73CAA65D53C7}.Ad-Hoc|iPhoneSimulator.Build.0 = Release|Any CPU
		{8B7A531F-C7D4-4B7B-AE0A-73CAA65D53C7}.Ad-Hoc|x64.ActiveCfg = Release|Any CPU
		{8B7A531F-C7D4-4B7B-AE0A-73CAA65D53C7}.Ad-Hoc|x64.Build.0 = Release|Any CPU
		{8B7A531F-C7D4-4B7B-AE0A-73CAA65D53C7}.Ad-Hoc|x86.ActiveCfg = Release|Any CPU
		{8B7A531F-C7D4-4B7B-AE0A-73CAA65D53C7}.Ad-Hoc|x86.Build.0 = Release|Any CPU
		{8B7A531F-C7D4-4B7B-AE0A-73CAA65D53C7}.AppStore|Any CPU.ActiveCfg = Release|Any CPU
		{8B7A531F-C7D4-4B7B-AE0A-73CAA65D53C7}.AppStore|Any CPU.Build.0 = Release|Any CPU
		{8B7A531F-C7D4-4B7B-AE0A-73CAA65D53C7}.AppStore|ARM.ActiveCfg = Release|Any CPU
		{8B7A531F-C7D4-4B7B-AE0A-73CAA65D53C7}.AppStore|ARM.Build.0 = Release|Any CPU
		{8B7A531F-C7D4-4B7B-AE0A-73CAA65D53C7}.AppStore|iPhone.ActiveCfg = Release|Any CPU
		{8B7A531F-C7D4-4B7B-AE0A-73CAA65D53C7}.AppStore|iPhone.Build.0 = Release|Any CPU
		{8B7A531F-C7D4-4B7B-AE0A-73CAA65D53C7}.AppStore|iPhoneSimulator.ActiveCfg = Release|Any CPU
		{8B7A531F-C7D4-4B7B-AE0A-73CAA65D53C7}.AppStore|iPhoneSimulator.Build.0 = Release|Any CPU
		{8B7A531F-C7D4-4B7B-AE0A-73CAA65D53C7}.AppStore|x64.ActiveCfg = Release|Any CPU
		{8B7A531F-C7D4-4B7B-AE0A-73CAA65D53C7}.AppStore|x64.Build.0 = Release|Any CPU
		{8B7A531F-C7D4-4B7B-AE0A-73CAA65D53C7}.AppStore|x86.ActiveCfg = Release|Any CPU
		{8B7A531F-C7D4-4B7B-AE0A-73CAA65D53C7}.AppStore|x86.Build.0 = Release|Any CPU
		{8B7A531F-C7D4-4B7B-AE0A-73CAA65D53C7}.Debug|Any CPU.ActiveCfg = Debug|Any CPU
		{8B7A531F-C7D4-4B7B-AE0A-73CAA65D53C7}.Debug|Any CPU.Build.0 = Debug|Any CPU
		{8B7A531F-C7D4-4B7B-AE0A-73CAA65D53C7}.Debug|ARM.ActiveCfg = Debug|Any CPU
		{8B7A531F-C7D4-4B7B-AE0A-73CAA65D53C7}.Debug|ARM.Build.0 = Debug|Any CPU
		{8B7A531F-C7D4-4B7B-AE0A-73CAA65D53C7}.Debug|iPhone.ActiveCfg = Debug|Any CPU
		{8B7A531F-C7D4-4B7B-AE0A-73CAA65D53C7}.Debug|iPhone.Build.0 = Debug|Any CPU
		{8B7A531F-C7D4-4B7B-AE0A-73CAA65D53C7}.Debug|iPhoneSimulator.ActiveCfg = Debug|Any CPU
		{8B7A531F-C7D4-4B7B-AE0A-73CAA65D53C7}.Debug|iPhoneSimulator.Build.0 = Debug|Any CPU
		{8B7A531F-C7D4-4B7B-AE0A-73CAA65D53C7}.Debug|x64.ActiveCfg = Debug|Any CPU
		{8B7A531F-C7D4-4B7B-AE0A-73CAA65D53C7}.Debug|x64.Build.0 = Debug|Any CPU
		{8B7A531F-C7D4-4B7B-AE0A-73CAA65D53C7}.Debug|x86.ActiveCfg = Debug|Any CPU
		{8B7A531F-C7D4-4B7B-AE0A-73CAA65D53C7}.Debug|x86.Build.0 = Debug|Any CPU
		{8B7A531F-C7D4-4B7B-AE0A-73CAA65D53C7}.Release|Any CPU.ActiveCfg = Release|Any CPU
		{8B7A531F-C7D4-4B7B-AE0A-73CAA65D53C7}.Release|Any CPU.Build.0 = Release|Any CPU
		{8B7A531F-C7D4-4B7B-AE0A-73CAA65D53C7}.Release|ARM.ActiveCfg = Release|Any CPU
		{8B7A531F-C7D4-4B7B-AE0A-73CAA65D53C7}.Release|ARM.Build.0 = Release|Any CPU
		{8B7A531F-C7D4-4B7B-AE0A-73CAA65D53C7}.Release|iPhone.ActiveCfg = Release|Any CPU
		{8B7A531F-C7D4-4B7B-AE0A-73CAA65D53C7}.Release|iPhone.Build.0 = Release|Any CPU
		{8B7A531F-C7D4-4B7B-AE0A-73CAA65D53C7}.Release|iPhoneSimulator.ActiveCfg = Release|Any CPU
		{8B7A531F-C7D4-4B7B-AE0A-73CAA65D53C7}.Release|iPhoneSimulator.Build.0 = Release|Any CPU
		{8B7A531F-C7D4-4B7B-AE0A-73CAA65D53C7}.Release|x64.ActiveCfg = Release|Any CPU
		{8B7A531F-C7D4-4B7B-AE0A-73CAA65D53C7}.Release|x64.Build.0 = Release|Any CPU
		{8B7A531F-C7D4-4B7B-AE0A-73CAA65D53C7}.Release|x86.ActiveCfg = Release|Any CPU
		{8B7A531F-C7D4-4B7B-AE0A-73CAA65D53C7}.Release|x86.Build.0 = Release|Any CPU
		{D0E6D9A7-68FB-4F9F-BD6A-40C56A61C18D}.Ad-Hoc|Any CPU.ActiveCfg = Debug|Any CPU
		{D0E6D9A7-68FB-4F9F-BD6A-40C56A61C18D}.Ad-Hoc|Any CPU.Build.0 = Debug|Any CPU
		{D0E6D9A7-68FB-4F9F-BD6A-40C56A61C18D}.Ad-Hoc|Any CPU.Deploy.0 = Debug|Any CPU
		{D0E6D9A7-68FB-4F9F-BD6A-40C56A61C18D}.Ad-Hoc|ARM.ActiveCfg = Debug|Any CPU
		{D0E6D9A7-68FB-4F9F-BD6A-40C56A61C18D}.Ad-Hoc|ARM.Build.0 = Debug|Any CPU
		{D0E6D9A7-68FB-4F9F-BD6A-40C56A61C18D}.Ad-Hoc|ARM.Deploy.0 = Debug|Any CPU
		{D0E6D9A7-68FB-4F9F-BD6A-40C56A61C18D}.Ad-Hoc|iPhone.ActiveCfg = Debug|Any CPU
		{D0E6D9A7-68FB-4F9F-BD6A-40C56A61C18D}.Ad-Hoc|iPhone.Build.0 = Debug|Any CPU
		{D0E6D9A7-68FB-4F9F-BD6A-40C56A61C18D}.Ad-Hoc|iPhone.Deploy.0 = Debug|Any CPU
		{D0E6D9A7-68FB-4F9F-BD6A-40C56A61C18D}.Ad-Hoc|iPhoneSimulator.ActiveCfg = Debug|Any CPU
		{D0E6D9A7-68FB-4F9F-BD6A-40C56A61C18D}.Ad-Hoc|iPhoneSimulator.Build.0 = Debug|Any CPU
		{D0E6D9A7-68FB-4F9F-BD6A-40C56A61C18D}.Ad-Hoc|iPhoneSimulator.Deploy.0 = Debug|Any CPU
		{D0E6D9A7-68FB-4F9F-BD6A-40C56A61C18D}.Ad-Hoc|x64.ActiveCfg = Debug|Any CPU
		{D0E6D9A7-68FB-4F9F-BD6A-40C56A61C18D}.Ad-Hoc|x64.Build.0 = Debug|Any CPU
		{D0E6D9A7-68FB-4F9F-BD6A-40C56A61C18D}.Ad-Hoc|x64.Deploy.0 = Debug|Any CPU
		{D0E6D9A7-68FB-4F9F-BD6A-40C56A61C18D}.Ad-Hoc|x86.ActiveCfg = Debug|Any CPU
		{D0E6D9A7-68FB-4F9F-BD6A-40C56A61C18D}.Ad-Hoc|x86.Build.0 = Debug|Any CPU
		{D0E6D9A7-68FB-4F9F-BD6A-40C56A61C18D}.Ad-Hoc|x86.Deploy.0 = Debug|Any CPU
		{D0E6D9A7-68FB-4F9F-BD6A-40C56A61C18D}.AppStore|Any CPU.ActiveCfg = Debug|Any CPU
		{D0E6D9A7-68FB-4F9F-BD6A-40C56A61C18D}.AppStore|Any CPU.Build.0 = Debug|Any CPU
		{D0E6D9A7-68FB-4F9F-BD6A-40C56A61C18D}.AppStore|Any CPU.Deploy.0 = Debug|Any CPU
		{D0E6D9A7-68FB-4F9F-BD6A-40C56A61C18D}.AppStore|ARM.ActiveCfg = Debug|Any CPU
		{D0E6D9A7-68FB-4F9F-BD6A-40C56A61C18D}.AppStore|ARM.Build.0 = Debug|Any CPU
		{D0E6D9A7-68FB-4F9F-BD6A-40C56A61C18D}.AppStore|ARM.Deploy.0 = Debug|Any CPU
		{D0E6D9A7-68FB-4F9F-BD6A-40C56A61C18D}.AppStore|iPhone.ActiveCfg = Debug|Any CPU
		{D0E6D9A7-68FB-4F9F-BD6A-40C56A61C18D}.AppStore|iPhone.Build.0 = Debug|Any CPU
		{D0E6D9A7-68FB-4F9F-BD6A-40C56A61C18D}.AppStore|iPhone.Deploy.0 = Debug|Any CPU
		{D0E6D9A7-68FB-4F9F-BD6A-40C56A61C18D}.AppStore|iPhoneSimulator.ActiveCfg = Debug|Any CPU
		{D0E6D9A7-68FB-4F9F-BD6A-40C56A61C18D}.AppStore|iPhoneSimulator.Build.0 = Debug|Any CPU
		{D0E6D9A7-68FB-4F9F-BD6A-40C56A61C18D}.AppStore|iPhoneSimulator.Deploy.0 = Debug|Any CPU
		{D0E6D9A7-68FB-4F9F-BD6A-40C56A61C18D}.AppStore|x64.ActiveCfg = Debug|Any CPU
		{D0E6D9A7-68FB-4F9F-BD6A-40C56A61C18D}.AppStore|x64.Build.0 = Debug|Any CPU
		{D0E6D9A7-68FB-4F9F-BD6A-40C56A61C18D}.AppStore|x64.Deploy.0 = Debug|Any CPU
		{D0E6D9A7-68FB-4F9F-BD6A-40C56A61C18D}.AppStore|x86.ActiveCfg = Debug|Any CPU
		{D0E6D9A7-68FB-4F9F-BD6A-40C56A61C18D}.AppStore|x86.Build.0 = Debug|Any CPU
		{D0E6D9A7-68FB-4F9F-BD6A-40C56A61C18D}.AppStore|x86.Deploy.0 = Debug|Any CPU
		{D0E6D9A7-68FB-4F9F-BD6A-40C56A61C18D}.Debug|Any CPU.ActiveCfg = Debug|Any CPU
		{D0E6D9A7-68FB-4F9F-BD6A-40C56A61C18D}.Debug|Any CPU.Build.0 = Debug|Any CPU
		{D0E6D9A7-68FB-4F9F-BD6A-40C56A61C18D}.Debug|Any CPU.Deploy.0 = Debug|Any CPU
		{D0E6D9A7-68FB-4F9F-BD6A-40C56A61C18D}.Debug|ARM.ActiveCfg = Debug|Any CPU
		{D0E6D9A7-68FB-4F9F-BD6A-40C56A61C18D}.Debug|ARM.Build.0 = Debug|Any CPU
		{D0E6D9A7-68FB-4F9F-BD6A-40C56A61C18D}.Debug|ARM.Deploy.0 = Debug|Any CPU
		{D0E6D9A7-68FB-4F9F-BD6A-40C56A61C18D}.Debug|iPhone.ActiveCfg = Debug|Any CPU
		{D0E6D9A7-68FB-4F9F-BD6A-40C56A61C18D}.Debug|iPhone.Build.0 = Debug|Any CPU
		{D0E6D9A7-68FB-4F9F-BD6A-40C56A61C18D}.Debug|iPhone.Deploy.0 = Debug|Any CPU
		{D0E6D9A7-68FB-4F9F-BD6A-40C56A61C18D}.Debug|iPhoneSimulator.ActiveCfg = Debug|Any CPU
		{D0E6D9A7-68FB-4F9F-BD6A-40C56A61C18D}.Debug|iPhoneSimulator.Build.0 = Debug|Any CPU
		{D0E6D9A7-68FB-4F9F-BD6A-40C56A61C18D}.Debug|iPhoneSimulator.Deploy.0 = Debug|Any CPU
		{D0E6D9A7-68FB-4F9F-BD6A-40C56A61C18D}.Debug|x64.ActiveCfg = Debug|Any CPU
		{D0E6D9A7-68FB-4F9F-BD6A-40C56A61C18D}.Debug|x64.Build.0 = Debug|Any CPU
		{D0E6D9A7-68FB-4F9F-BD6A-40C56A61C18D}.Debug|x64.Deploy.0 = Debug|Any CPU
		{D0E6D9A7-68FB-4F9F-BD6A-40C56A61C18D}.Debug|x86.ActiveCfg = Debug|Any CPU
		{D0E6D9A7-68FB-4F9F-BD6A-40C56A61C18D}.Debug|x86.Build.0 = Debug|Any CPU
		{D0E6D9A7-68FB-4F9F-BD6A-40C56A61C18D}.Debug|x86.Deploy.0 = Debug|Any CPU
		{D0E6D9A7-68FB-4F9F-BD6A-40C56A61C18D}.Release|Any CPU.ActiveCfg = Release|Any CPU
		{D0E6D9A7-68FB-4F9F-BD6A-40C56A61C18D}.Release|Any CPU.Build.0 = Release|Any CPU
		{D0E6D9A7-68FB-4F9F-BD6A-40C56A61C18D}.Release|Any CPU.Deploy.0 = Release|Any CPU
		{D0E6D9A7-68FB-4F9F-BD6A-40C56A61C18D}.Release|ARM.ActiveCfg = Release|Any CPU
		{D0E6D9A7-68FB-4F9F-BD6A-40C56A61C18D}.Release|ARM.Build.0 = Release|Any CPU
		{D0E6D9A7-68FB-4F9F-BD6A-40C56A61C18D}.Release|ARM.Deploy.0 = Release|Any CPU
		{D0E6D9A7-68FB-4F9F-BD6A-40C56A61C18D}.Release|iPhone.ActiveCfg = Release|Any CPU
		{D0E6D9A7-68FB-4F9F-BD6A-40C56A61C18D}.Release|iPhone.Build.0 = Release|Any CPU
		{D0E6D9A7-68FB-4F9F-BD6A-40C56A61C18D}.Release|iPhone.Deploy.0 = Release|Any CPU
		{D0E6D9A7-68FB-4F9F-BD6A-40C56A61C18D}.Release|iPhoneSimulator.ActiveCfg = Release|Any CPU
		{D0E6D9A7-68FB-4F9F-BD6A-40C56A61C18D}.Release|iPhoneSimulator.Build.0 = Release|Any CPU
		{D0E6D9A7-68FB-4F9F-BD6A-40C56A61C18D}.Release|iPhoneSimulator.Deploy.0 = Release|Any CPU
		{D0E6D9A7-68FB-4F9F-BD6A-40C56A61C18D}.Release|x64.ActiveCfg = Release|Any CPU
		{D0E6D9A7-68FB-4F9F-BD6A-40C56A61C18D}.Release|x64.Build.0 = Release|Any CPU
		{D0E6D9A7-68FB-4F9F-BD6A-40C56A61C18D}.Release|x64.Deploy.0 = Release|Any CPU
		{D0E6D9A7-68FB-4F9F-BD6A-40C56A61C18D}.Release|x86.ActiveCfg = Release|Any CPU
		{D0E6D9A7-68FB-4F9F-BD6A-40C56A61C18D}.Release|x86.Build.0 = Release|Any CPU
		{D0E6D9A7-68FB-4F9F-BD6A-40C56A61C18D}.Release|x86.Deploy.0 = Release|Any CPU
		{1BA04989-1D97-40C4-9125-86B0BD9F5741}.Ad-Hoc|Any CPU.ActiveCfg = Ad-Hoc|iPhoneSimulator
		{1BA04989-1D97-40C4-9125-86B0BD9F5741}.Ad-Hoc|ARM.ActiveCfg = Ad-Hoc|iPhoneSimulator
		{1BA04989-1D97-40C4-9125-86B0BD9F5741}.Ad-Hoc|iPhone.ActiveCfg = Ad-Hoc|iPhone
		{1BA04989-1D97-40C4-9125-86B0BD9F5741}.Ad-Hoc|iPhone.Build.0 = Ad-Hoc|iPhone
		{1BA04989-1D97-40C4-9125-86B0BD9F5741}.Ad-Hoc|iPhoneSimulator.ActiveCfg = Ad-Hoc|iPhoneSimulator
		{1BA04989-1D97-40C4-9125-86B0BD9F5741}.Ad-Hoc|iPhoneSimulator.Build.0 = Ad-Hoc|iPhoneSimulator
		{1BA04989-1D97-40C4-9125-86B0BD9F5741}.Ad-Hoc|x64.ActiveCfg = Ad-Hoc|iPhoneSimulator
		{1BA04989-1D97-40C4-9125-86B0BD9F5741}.Ad-Hoc|x86.ActiveCfg = Ad-Hoc|iPhoneSimulator
		{1BA04989-1D97-40C4-9125-86B0BD9F5741}.AppStore|Any CPU.ActiveCfg = AppStore|iPhoneSimulator
		{1BA04989-1D97-40C4-9125-86B0BD9F5741}.AppStore|ARM.ActiveCfg = AppStore|iPhoneSimulator
		{1BA04989-1D97-40C4-9125-86B0BD9F5741}.AppStore|iPhone.ActiveCfg = AppStore|iPhone
		{1BA04989-1D97-40C4-9125-86B0BD9F5741}.AppStore|iPhone.Build.0 = AppStore|iPhone
		{1BA04989-1D97-40C4-9125-86B0BD9F5741}.AppStore|iPhoneSimulator.ActiveCfg = AppStore|iPhoneSimulator
		{1BA04989-1D97-40C4-9125-86B0BD9F5741}.AppStore|iPhoneSimulator.Build.0 = AppStore|iPhoneSimulator
		{1BA04989-1D97-40C4-9125-86B0BD9F5741}.AppStore|x64.ActiveCfg = AppStore|iPhoneSimulator
		{1BA04989-1D97-40C4-9125-86B0BD9F5741}.AppStore|x86.ActiveCfg = AppStore|iPhoneSimulator
		{1BA04989-1D97-40C4-9125-86B0BD9F5741}.Debug|Any CPU.ActiveCfg = Debug|iPhoneSimulator
		{1BA04989-1D97-40C4-9125-86B0BD9F5741}.Debug|ARM.ActiveCfg = Debug|iPhoneSimulator
		{1BA04989-1D97-40C4-9125-86B0BD9F5741}.Debug|iPhone.ActiveCfg = Debug|iPhone
		{1BA04989-1D97-40C4-9125-86B0BD9F5741}.Debug|iPhone.Build.0 = Debug|iPhone
		{1BA04989-1D97-40C4-9125-86B0BD9F5741}.Debug|iPhoneSimulator.ActiveCfg = Debug|iPhoneSimulator
		{1BA04989-1D97-40C4-9125-86B0BD9F5741}.Debug|iPhoneSimulator.Build.0 = Debug|iPhoneSimulator
		{1BA04989-1D97-40C4-9125-86B0BD9F5741}.Debug|x64.ActiveCfg = Debug|iPhoneSimulator
		{1BA04989-1D97-40C4-9125-86B0BD9F5741}.Debug|x86.ActiveCfg = Debug|iPhoneSimulator
		{1BA04989-1D97-40C4-9125-86B0BD9F5741}.Release|Any CPU.ActiveCfg = Release|iPhoneSimulator
		{1BA04989-1D97-40C4-9125-86B0BD9F5741}.Release|ARM.ActiveCfg = Release|iPhoneSimulator
		{1BA04989-1D97-40C4-9125-86B0BD9F5741}.Release|iPhone.ActiveCfg = Release|iPhone
		{1BA04989-1D97-40C4-9125-86B0BD9F5741}.Release|iPhone.Build.0 = Release|iPhone
		{1BA04989-1D97-40C4-9125-86B0BD9F5741}.Release|iPhoneSimulator.ActiveCfg = Release|iPhoneSimulator
		{1BA04989-1D97-40C4-9125-86B0BD9F5741}.Release|iPhoneSimulator.Build.0 = Release|iPhoneSimulator
		{1BA04989-1D97-40C4-9125-86B0BD9F5741}.Release|x64.ActiveCfg = Release|iPhoneSimulator
		{1BA04989-1D97-40C4-9125-86B0BD9F5741}.Release|x86.ActiveCfg = Release|iPhoneSimulator
		{7D31D7B4-104F-4808-A4F3-3A53A1A023B6}.Ad-Hoc|Any CPU.ActiveCfg = Debug|ARM
		{7D31D7B4-104F-4808-A4F3-3A53A1A023B6}.Ad-Hoc|Any CPU.Build.0 = Debug|ARM
		{7D31D7B4-104F-4808-A4F3-3A53A1A023B6}.Ad-Hoc|Any CPU.Deploy.0 = Debug|ARM
		{7D31D7B4-104F-4808-A4F3-3A53A1A023B6}.Ad-Hoc|ARM.ActiveCfg = Debug|ARM
		{7D31D7B4-104F-4808-A4F3-3A53A1A023B6}.Ad-Hoc|ARM.Build.0 = Debug|ARM
		{7D31D7B4-104F-4808-A4F3-3A53A1A023B6}.Ad-Hoc|ARM.Deploy.0 = Debug|ARM
		{7D31D7B4-104F-4808-A4F3-3A53A1A023B6}.Ad-Hoc|iPhone.ActiveCfg = Debug|ARM
		{7D31D7B4-104F-4808-A4F3-3A53A1A023B6}.Ad-Hoc|iPhone.Build.0 = Debug|ARM
		{7D31D7B4-104F-4808-A4F3-3A53A1A023B6}.Ad-Hoc|iPhone.Deploy.0 = Debug|ARM
		{7D31D7B4-104F-4808-A4F3-3A53A1A023B6}.Ad-Hoc|iPhoneSimulator.ActiveCfg = Debug|ARM
		{7D31D7B4-104F-4808-A4F3-3A53A1A023B6}.Ad-Hoc|iPhoneSimulator.Build.0 = Debug|ARM
		{7D31D7B4-104F-4808-A4F3-3A53A1A023B6}.Ad-Hoc|iPhoneSimulator.Deploy.0 = Debug|ARM
		{7D31D7B4-104F-4808-A4F3-3A53A1A023B6}.Ad-Hoc|x64.ActiveCfg = Debug|x64
		{7D31D7B4-104F-4808-A4F3-3A53A1A023B6}.Ad-Hoc|x64.Build.0 = Debug|x64
		{7D31D7B4-104F-4808-A4F3-3A53A1A023B6}.Ad-Hoc|x64.Deploy.0 = Debug|x64
		{7D31D7B4-104F-4808-A4F3-3A53A1A023B6}.Ad-Hoc|x86.ActiveCfg = Debug|x86
		{7D31D7B4-104F-4808-A4F3-3A53A1A023B6}.Ad-Hoc|x86.Build.0 = Debug|x86
		{7D31D7B4-104F-4808-A4F3-3A53A1A023B6}.Ad-Hoc|x86.Deploy.0 = Debug|x86
		{7D31D7B4-104F-4808-A4F3-3A53A1A023B6}.AppStore|Any CPU.ActiveCfg = Debug|ARM
		{7D31D7B4-104F-4808-A4F3-3A53A1A023B6}.AppStore|Any CPU.Build.0 = Debug|ARM
		{7D31D7B4-104F-4808-A4F3-3A53A1A023B6}.AppStore|Any CPU.Deploy.0 = Debug|ARM
		{7D31D7B4-104F-4808-A4F3-3A53A1A023B6}.AppStore|ARM.ActiveCfg = Debug|ARM
		{7D31D7B4-104F-4808-A4F3-3A53A1A023B6}.AppStore|ARM.Build.0 = Debug|ARM
		{7D31D7B4-104F-4808-A4F3-3A53A1A023B6}.AppStore|ARM.Deploy.0 = Debug|ARM
		{7D31D7B4-104F-4808-A4F3-3A53A1A023B6}.AppStore|iPhone.ActiveCfg = Debug|ARM
		{7D31D7B4-104F-4808-A4F3-3A53A1A023B6}.AppStore|iPhone.Build.0 = Debug|ARM
		{7D31D7B4-104F-4808-A4F3-3A53A1A023B6}.AppStore|iPhone.Deploy.0 = Debug|ARM
		{7D31D7B4-104F-4808-A4F3-3A53A1A023B6}.AppStore|iPhoneSimulator.ActiveCfg = Debug|ARM
		{7D31D7B4-104F-4808-A4F3-3A53A1A023B6}.AppStore|iPhoneSimulator.Build.0 = Debug|ARM
		{7D31D7B4-104F-4808-A4F3-3A53A1A023B6}.AppStore|iPhoneSimulator.Deploy.0 = Debug|ARM
		{7D31D7B4-104F-4808-A4F3-3A53A1A023B6}.AppStore|x64.ActiveCfg = Debug|x64
		{7D31D7B4-104F-4808-A4F3-3A53A1A023B6}.AppStore|x64.Build.0 = Debug|x64
		{7D31D7B4-104F-4808-A4F3-3A53A1A023B6}.AppStore|x64.Deploy.0 = Debug|x64
		{7D31D7B4-104F-4808-A4F3-3A53A1A023B6}.AppStore|x86.ActiveCfg = Debug|x86
		{7D31D7B4-104F-4808-A4F3-3A53A1A023B6}.AppStore|x86.Build.0 = Debug|x86
		{7D31D7B4-104F-4808-A4F3-3A53A1A023B6}.AppStore|x86.Deploy.0 = Debug|x86
		{7D31D7B4-104F-4808-A4F3-3A53A1A023B6}.Debug|Any CPU.ActiveCfg = Debug|x86
		{7D31D7B4-104F-4808-A4F3-3A53A1A023B6}.Debug|Any CPU.Build.0 = Debug|x86
		{7D31D7B4-104F-4808-A4F3-3A53A1A023B6}.Debug|Any CPU.Deploy.0 = Debug|x86
		{7D31D7B4-104F-4808-A4F3-3A53A1A023B6}.Debug|ARM.ActiveCfg = Debug|ARM
		{7D31D7B4-104F-4808-A4F3-3A53A1A023B6}.Debug|ARM.Build.0 = Debug|ARM
		{7D31D7B4-104F-4808-A4F3-3A53A1A023B6}.Debug|ARM.Deploy.0 = Debug|ARM
		{7D31D7B4-104F-4808-A4F3-3A53A1A023B6}.Debug|iPhone.ActiveCfg = Debug|x86
		{7D31D7B4-104F-4808-A4F3-3A53A1A023B6}.Debug|iPhoneSimulator.ActiveCfg = Debug|x86
		{7D31D7B4-104F-4808-A4F3-3A53A1A023B6}.Debug|x64.ActiveCfg = Debug|x64
		{7D31D7B4-104F-4808-A4F3-3A53A1A023B6}.Debug|x64.Build.0 = Debug|x64
		{7D31D7B4-104F-4808-A4F3-3A53A1A023B6}.Debug|x64.Deploy.0 = Debug|x64
		{7D31D7B4-104F-4808-A4F3-3A53A1A023B6}.Debug|x86.ActiveCfg = Debug|x86
		{7D31D7B4-104F-4808-A4F3-3A53A1A023B6}.Debug|x86.Build.0 = Debug|x86
		{7D31D7B4-104F-4808-A4F3-3A53A1A023B6}.Debug|x86.Deploy.0 = Debug|x86
		{7D31D7B4-104F-4808-A4F3-3A53A1A023B6}.Release|Any CPU.ActiveCfg = Release|x86
		{7D31D7B4-104F-4808-A4F3-3A53A1A023B6}.Release|ARM.ActiveCfg = Release|ARM
		{7D31D7B4-104F-4808-A4F3-3A53A1A023B6}.Release|ARM.Build.0 = Release|ARM
		{7D31D7B4-104F-4808-A4F3-3A53A1A023B6}.Release|ARM.Deploy.0 = Release|ARM
		{7D31D7B4-104F-4808-A4F3-3A53A1A023B6}.Release|iPhone.ActiveCfg = Release|x86
		{7D31D7B4-104F-4808-A4F3-3A53A1A023B6}.Release|iPhoneSimulator.ActiveCfg = Release|x86
		{7D31D7B4-104F-4808-A4F3-3A53A1A023B6}.Release|x64.ActiveCfg = Release|x64
		{7D31D7B4-104F-4808-A4F3-3A53A1A023B6}.Release|x64.Build.0 = Release|x64
		{7D31D7B4-104F-4808-A4F3-3A53A1A023B6}.Release|x64.Deploy.0 = Release|x64
		{7D31D7B4-104F-4808-A4F3-3A53A1A023B6}.Release|x86.ActiveCfg = Release|x86
		{7D31D7B4-104F-4808-A4F3-3A53A1A023B6}.Release|x86.Build.0 = Release|x86
		{7D31D7B4-104F-4808-A4F3-3A53A1A023B6}.Release|x86.Deploy.0 = Release|x86
		{AFBE756E-1714-48F7-800A-C0BC788F0475}.Ad-Hoc|Any CPU.ActiveCfg = Debug|Any CPU
		{AFBE756E-1714-48F7-800A-C0BC788F0475}.Ad-Hoc|Any CPU.Build.0 = Debug|Any CPU
		{AFBE756E-1714-48F7-800A-C0BC788F0475}.Ad-Hoc|ARM.ActiveCfg = Debug|Any CPU
		{AFBE756E-1714-48F7-800A-C0BC788F0475}.Ad-Hoc|ARM.Build.0 = Debug|Any CPU
		{AFBE756E-1714-48F7-800A-C0BC788F0475}.Ad-Hoc|iPhone.ActiveCfg = Debug|Any CPU
		{AFBE756E-1714-48F7-800A-C0BC788F0475}.Ad-Hoc|iPhone.Build.0 = Debug|Any CPU
		{AFBE756E-1714-48F7-800A-C0BC788F0475}.Ad-Hoc|iPhoneSimulator.ActiveCfg = Debug|Any CPU
		{AFBE756E-1714-48F7-800A-C0BC788F0475}.Ad-Hoc|iPhoneSimulator.Build.0 = Debug|Any CPU
		{AFBE756E-1714-48F7-800A-C0BC788F0475}.Ad-Hoc|x64.ActiveCfg = Debug|Any CPU
		{AFBE756E-1714-48F7-800A-C0BC788F0475}.Ad-Hoc|x64.Build.0 = Debug|Any CPU
		{AFBE756E-1714-48F7-800A-C0BC788F0475}.Ad-Hoc|x86.ActiveCfg = Debug|Any CPU
		{AFBE756E-1714-48F7-800A-C0BC788F0475}.Ad-Hoc|x86.Build.0 = Debug|Any CPU
		{AFBE756E-1714-48F7-800A-C0BC788F0475}.AppStore|Any CPU.ActiveCfg = Debug|Any CPU
		{AFBE756E-1714-48F7-800A-C0BC788F0475}.AppStore|Any CPU.Build.0 = Debug|Any CPU
		{AFBE756E-1714-48F7-800A-C0BC788F0475}.AppStore|ARM.ActiveCfg = Debug|Any CPU
		{AFBE756E-1714-48F7-800A-C0BC788F0475}.AppStore|ARM.Build.0 = Debug|Any CPU
		{AFBE756E-1714-48F7-800A-C0BC788F0475}.AppStore|iPhone.ActiveCfg = Debug|Any CPU
		{AFBE756E-1714-48F7-800A-C0BC788F0475}.AppStore|iPhone.Build.0 = Debug|Any CPU
		{AFBE756E-1714-48F7-800A-C0BC788F0475}.AppStore|iPhoneSimulator.ActiveCfg = Debug|Any CPU
		{AFBE756E-1714-48F7-800A-C0BC788F0475}.AppStore|iPhoneSimulator.Build.0 = Debug|Any CPU
		{AFBE756E-1714-48F7-800A-C0BC788F0475}.AppStore|x64.ActiveCfg = Debug|Any CPU
		{AFBE756E-1714-48F7-800A-C0BC788F0475}.AppStore|x64.Build.0 = Debug|Any CPU
		{AFBE756E-1714-48F7-800A-C0BC788F0475}.AppStore|x86.ActiveCfg = Debug|Any CPU
		{AFBE756E-1714-48F7-800A-C0BC788F0475}.AppStore|x86.Build.0 = Debug|Any CPU
		{AFBE756E-1714-48F7-800A-C0BC788F0475}.Debug|Any CPU.ActiveCfg = Debug|Any CPU
		{AFBE756E-1714-48F7-800A-C0BC788F0475}.Debug|Any CPU.Build.0 = Debug|Any CPU
		{AFBE756E-1714-48F7-800A-C0BC788F0475}.Debug|ARM.ActiveCfg = Debug|Any CPU
		{AFBE756E-1714-48F7-800A-C0BC788F0475}.Debug|ARM.Build.0 = Debug|Any CPU
		{AFBE756E-1714-48F7-800A-C0BC788F0475}.Debug|iPhone.ActiveCfg = Debug|Any CPU
		{AFBE756E-1714-48F7-800A-C0BC788F0475}.Debug|iPhone.Build.0 = Debug|Any CPU
		{AFBE756E-1714-48F7-800A-C0BC788F0475}.Debug|iPhoneSimulator.ActiveCfg = Debug|Any CPU
		{AFBE756E-1714-48F7-800A-C0BC788F0475}.Debug|iPhoneSimulator.Build.0 = Debug|Any CPU
		{AFBE756E-1714-48F7-800A-C0BC788F0475}.Debug|x64.ActiveCfg = Debug|Any CPU
		{AFBE756E-1714-48F7-800A-C0BC788F0475}.Debug|x64.Build.0 = Debug|Any CPU
		{AFBE756E-1714-48F7-800A-C0BC788F0475}.Debug|x86.ActiveCfg = Debug|Any CPU
		{AFBE756E-1714-48F7-800A-C0BC788F0475}.Debug|x86.Build.0 = Debug|Any CPU
		{AFBE756E-1714-48F7-800A-C0BC788F0475}.Release|Any CPU.ActiveCfg = Release|Any CPU
		{AFBE756E-1714-48F7-800A-C0BC788F0475}.Release|Any CPU.Build.0 = Release|Any CPU
		{AFBE756E-1714-48F7-800A-C0BC788F0475}.Release|ARM.ActiveCfg = Release|Any CPU
		{AFBE756E-1714-48F7-800A-C0BC788F0475}.Release|ARM.Build.0 = Release|Any CPU
		{AFBE756E-1714-48F7-800A-C0BC788F0475}.Release|iPhone.ActiveCfg = Release|Any CPU
		{AFBE756E-1714-48F7-800A-C0BC788F0475}.Release|iPhone.Build.0 = Release|Any CPU
		{AFBE756E-1714-48F7-800A-C0BC788F0475}.Release|iPhoneSimulator.ActiveCfg = Release|Any CPU
		{AFBE756E-1714-48F7-800A-C0BC788F0475}.Release|iPhoneSimulator.Build.0 = Release|Any CPU
		{AFBE756E-1714-48F7-800A-C0BC788F0475}.Release|x64.ActiveCfg = Release|Any CPU
		{AFBE756E-1714-48F7-800A-C0BC788F0475}.Release|x64.Build.0 = Release|Any CPU
		{AFBE756E-1714-48F7-800A-C0BC788F0475}.Release|x86.ActiveCfg = Release|Any CPU
		{AFBE756E-1714-48F7-800A-C0BC788F0475}.Release|x86.Build.0 = Release|Any CPU
	EndGlobalSection
	GlobalSection(SolutionProperties) = preSolution
		HideSolutionNode = FALSE
	EndGlobalSection
	GlobalSection(ExtensibilityGlobals) = postSolution
		SolutionGuid = {657FDC80-04B5-4248-8792-48DF7B8B208D}
	EndGlobalSection
EndGlobal
